// !$*UTF8*$!
{
	archiveVersion = 1;
	classes = {
	};
	objectVersion = 46;
	objects = {

/* Begin PBXBuildFile section */
		3927B778A7D67DD38FFA16DA /* BCTCoverViewDismissal.h in Headers */ = {isa = PBXBuildFile; fileRef = 3927B62D007ACDD530207B8E /* BCTCoverViewDismissal.h */; };
		3927B86B03242FBE7DE07841 /* BCTCoverViewPresenter.m in Sources */ = {isa = PBXBuildFile; fileRef = 3927BA16D43769A5275FA919 /* BCTCoverViewPresenter.m */; };
		3927B98D095046FF6F9418D2 /* BCTParallelViewDismissal.m in Sources */ = {isa = PBXBuildFile; fileRef = 3927BD1CFE2D91D2B70C4BA4 /* BCTParallelViewDismissal.m */; };
		3927B9912B6F2B9651AD6A36 /* BCTParallelViewPresenter.h in Headers */ = {isa = PBXBuildFile; fileRef = 3927B2B7A7394A62BDAB45AF /* BCTParallelViewPresenter.h */; };
		3927BA747E299C493D07E308 /* BCTBasicViewPerformer.m in Sources */ = {isa = PBXBuildFile; fileRef = 3927BE9F036192F0CC9D6301 /* BCTBasicViewPerformer.m */; };
		3927BCB064745F829F9E7C04 /* BCTViewPerformer.h in Headers */ = {isa = PBXBuildFile; fileRef = 3927B6C86CA8E3F35DEE365C /* BCTViewPerformer.h */; };
		3927BDAE263D9CA2F226C395 /* BCTParallelViewDismissal.h in Headers */ = {isa = PBXBuildFile; fileRef = 3927BC8FB4C8DFF344C2084D /* BCTParallelViewDismissal.h */; };
		3927BE39B32EFA3B92890D93 /* BCTCoverViewDismissal.m in Sources */ = {isa = PBXBuildFile; fileRef = 3927BBF5D85613E24663A0E4 /* BCTCoverViewDismissal.m */; };
		3927BEB2FDCA74185DA79C6F /* BCTParallelViewPresenter.m in Sources */ = {isa = PBXBuildFile; fileRef = 3927BA25BD6D0370A61A2EEC /* BCTParallelViewPresenter.m */; };
		3927BEC18299DF24CB66BB26 /* BCTBasicViewPerformer.h in Headers */ = {isa = PBXBuildFile; fileRef = 3927B1147BF69CFCE4C90118 /* BCTBasicViewPerformer.h */; };
		3927BEF22B720B49C1A5AE39 /* BCTCoverViewPresenter.h in Headers */ = {isa = PBXBuildFile; fileRef = 3927BE01ECD8BC8612782F0B /* BCTCoverViewPresenter.h */; };
		ED38F5DC1E0C7E21009F1AF8 /* UIViewController+Bacteria.h in Headers */ = {isa = PBXBuildFile; fileRef = ED38F5CD1E0C7E21009F1AF8 /* UIViewController+Bacteria.h */; settings = {ATTRIBUTES = (Private, ); }; };
		ED38F5DD1E0C7E21009F1AF8 /* UIViewController+Bacteria.m in Sources */ = {isa = PBXBuildFile; fileRef = ED38F5CE1E0C7E21009F1AF8 /* UIViewController+Bacteria.m */; };
		ED38F5E01E0C7E21009F1AF8 /* BCTTransitioningController.h in Headers */ = {isa = PBXBuildFile; fileRef = ED38F5D41E0C7E21009F1AF8 /* BCTTransitioningController.h */; settings = {ATTRIBUTES = (Private, ); }; };
		ED38F5E11E0C7E21009F1AF8 /* BCTTransitioningController.m in Sources */ = {isa = PBXBuildFile; fileRef = ED38F5D51E0C7E21009F1AF8 /* BCTTransitioningController.m */; };
		ED38F5E21E0C7E21009F1AF8 /* BCT-BlocksHeader.h in Headers */ = {isa = PBXBuildFile; fileRef = ED38F5D71E0C7E21009F1AF8 /* BCT-BlocksHeader.h */; settings = {ATTRIBUTES = (Private, ); }; };
		ED38F5E31E0C7E21009F1AF8 /* BCTTypes.h in Headers */ = {isa = PBXBuildFile; fileRef = ED38F5D91E0C7E21009F1AF8 /* BCTTypes.h */; settings = {ATTRIBUTES = (Private, ); }; };
		ED38F5E41E0C7E21009F1AF8 /* Info.plist in Resources */ = {isa = PBXBuildFile; fileRef = ED38F5DA1E0C7E21009F1AF8 /* Info.plist */; };
		ED38F5E71E0C7E28009F1AF8 /* Bacteria.h in Headers */ = {isa = PBXBuildFile; fileRef = ED38F5E51E0C7E28009F1AF8 /* Bacteria.h */; settings = {ATTRIBUTES = (Public, ); }; };
/* End PBXBuildFile section */

/* Begin PBXFileReference section */
		3927B1147BF69CFCE4C90118 /* BCTBasicViewPerformer.h */ = {isa = PBXFileReference; fileEncoding = 4; lastKnownFileType = sourcecode.c.h; path = BCTBasicViewPerformer.h; sourceTree = "<group>"; };
		3927B2B7A7394A62BDAB45AF /* BCTParallelViewPresenter.h */ = {isa = PBXFileReference; fileEncoding = 4; lastKnownFileType = sourcecode.c.h; path = BCTParallelViewPresenter.h; sourceTree = "<group>"; };
		3927B62D007ACDD530207B8E /* BCTCoverViewDismissal.h */ = {isa = PBXFileReference; fileEncoding = 4; lastKnownFileType = sourcecode.c.h; path = BCTCoverViewDismissal.h; sourceTree = "<group>"; };
		3927B6C86CA8E3F35DEE365C /* BCTViewPerformer.h */ = {isa = PBXFileReference; fileEncoding = 4; lastKnownFileType = sourcecode.c.h; path = BCTViewPerformer.h; sourceTree = "<group>"; };
		3927BA16D43769A5275FA919 /* BCTCoverViewPresenter.m */ = {isa = PBXFileReference; fileEncoding = 4; lastKnownFileType = sourcecode.c.objc; path = BCTCoverViewPresenter.m; sourceTree = "<group>"; };
		3927BA25BD6D0370A61A2EEC /* BCTParallelViewPresenter.m */ = {isa = PBXFileReference; fileEncoding = 4; lastKnownFileType = sourcecode.c.objc; path = BCTParallelViewPresenter.m; sourceTree = "<group>"; };
		3927BBF5D85613E24663A0E4 /* BCTCoverViewDismissal.m */ = {isa = PBXFileReference; fileEncoding = 4; lastKnownFileType = sourcecode.c.objc; path = BCTCoverViewDismissal.m; sourceTree = "<group>"; };
		3927BC8FB4C8DFF344C2084D /* BCTParallelViewDismissal.h */ = {isa = PBXFileReference; fileEncoding = 4; lastKnownFileType = sourcecode.c.h; path = BCTParallelViewDismissal.h; sourceTree = "<group>"; };
		3927BD1CFE2D91D2B70C4BA4 /* BCTParallelViewDismissal.m */ = {isa = PBXFileReference; fileEncoding = 4; lastKnownFileType = sourcecode.c.objc; path = BCTParallelViewDismissal.m; sourceTree = "<group>"; };
		3927BE01ECD8BC8612782F0B /* BCTCoverViewPresenter.h */ = {isa = PBXFileReference; fileEncoding = 4; lastKnownFileType = sourcecode.c.h; path = BCTCoverViewPresenter.h; sourceTree = "<group>"; };
		3927BE9F036192F0CC9D6301 /* BCTBasicViewPerformer.m */ = {isa = PBXFileReference; fileEncoding = 4; lastKnownFileType = sourcecode.c.objc; path = BCTBasicViewPerformer.m; sourceTree = "<group>"; };
		ED38F5CD1E0C7E21009F1AF8 /* UIViewController+Bacteria.h */ = {isa = PBXFileReference; fileEncoding = 4; lastKnownFileType = sourcecode.c.h; path = "UIViewController+Bacteria.h"; sourceTree = "<group>"; };
		ED38F5CE1E0C7E21009F1AF8 /* UIViewController+Bacteria.m */ = {isa = PBXFileReference; fileEncoding = 4; lastKnownFileType = sourcecode.c.objc; path = "UIViewController+Bacteria.m"; sourceTree = "<group>"; };
		ED38F5D41E0C7E21009F1AF8 /* BCTTransitioningController.h */ = {isa = PBXFileReference; fileEncoding = 4; lastKnownFileType = sourcecode.c.h; path = BCTTransitioningController.h; sourceTree = "<group>"; };
		ED38F5D51E0C7E21009F1AF8 /* BCTTransitioningController.m */ = {isa = PBXFileReference; fileEncoding = 4; lastKnownFileType = sourcecode.c.objc; path = BCTTransitioningController.m; sourceTree = "<group>"; };
		ED38F5D71E0C7E21009F1AF8 /* BCT-BlocksHeader.h */ = {isa = PBXFileReference; fileEncoding = 4; lastKnownFileType = sourcecode.c.h; path = "BCT-BlocksHeader.h"; sourceTree = "<group>"; };
		ED38F5D91E0C7E21009F1AF8 /* BCTTypes.h */ = {isa = PBXFileReference; fileEncoding = 4; lastKnownFileType = sourcecode.c.h; path = BCTTypes.h; sourceTree = "<group>"; };
		ED38F5DA1E0C7E21009F1AF8 /* Info.plist */ = {isa = PBXFileReference; fileEncoding = 4; lastKnownFileType = text.plist.xml; path = Info.plist; sourceTree = "<group>"; };
		ED38F5E51E0C7E28009F1AF8 /* Bacteria.h */ = {isa = PBXFileReference; fileEncoding = 4; lastKnownFileType = sourcecode.c.h; path = Bacteria.h; sourceTree = "<group>"; };
		ED3EF75A1DB81F36006258FD /* Bacteria.framework */ = {isa = PBXFileReference; explicitFileType = wrapper.framework; includeInIndex = 0; path = Bacteria.framework; sourceTree = BUILT_PRODUCTS_DIR; };
/* End PBXFileReference section */

/* Begin PBXFrameworksBuildPhase section */
		ED3EF7561DB81F36006258FD /* Frameworks */ = {
			isa = PBXFrameworksBuildPhase;
			buildActionMask = 2147483647;
			files = (
			);
			runOnlyForDeploymentPostprocessing = 0;
		};
/* End PBXFrameworksBuildPhase section */

/* Begin PBXGroup section */
		3927B20BDF6D3A26DA13EC20 /* Cover */ = {
			isa = PBXGroup;
			children = (
				3927BA16D43769A5275FA919 /* BCTCoverViewPresenter.m */,
				3927BE01ECD8BC8612782F0B /* BCTCoverViewPresenter.h */,
				3927BBF5D85613E24663A0E4 /* BCTCoverViewDismissal.m */,
				3927B62D007ACDD530207B8E /* BCTCoverViewDismissal.h */,
			);
			path = Cover;
			sourceTree = "<group>";
		};
		3927B778EE7ECE69D6D95FDD /* Protocols */ = {
			isa = PBXGroup;
			children = (
				3927B6C86CA8E3F35DEE365C /* BCTViewPerformer.h */,
			);
			path = Protocols;
			sourceTree = "<group>";
		};
		3927BBBD278C87044742CBC6 /* Performers */ = {
			isa = PBXGroup;
			children = (
				3927BFD03B2196500B0C9DF9 /* Basic */,
				3927B20BDF6D3A26DA13EC20 /* Cover */,
				3927BF39822BAFC7298B5BE0 /* Parallel */,
			);
			path = Performers;
			sourceTree = "<group>";
		};
		3927BF39822BAFC7298B5BE0 /* Parallel */ = {
			isa = PBXGroup;
			children = (
				3927BA25BD6D0370A61A2EEC /* BCTParallelViewPresenter.m */,
				3927B2B7A7394A62BDAB45AF /* BCTParallelViewPresenter.h */,
				3927BD1CFE2D91D2B70C4BA4 /* BCTParallelViewDismissal.m */,
				3927BC8FB4C8DFF344C2084D /* BCTParallelViewDismissal.h */,
			);
			path = Parallel;
			sourceTree = "<group>";
		};
		3927BFD03B2196500B0C9DF9 /* Basic */ = {
			isa = PBXGroup;
			children = (
				3927B1147BF69CFCE4C90118 /* BCTBasicViewPerformer.h */,
				3927BE9F036192F0CC9D6301 /* BCTBasicViewPerformer.m */,
			);
			path = Basic;
			sourceTree = "<group>";
		};
		ED38F5CA1E0C7E21009F1AF8 /* Bacteria */ = {
			isa = PBXGroup;
			children = (
				ED38F5CC1E0C7E21009F1AF8 /* Categories */,
				ED38F5CF1E0C7E21009F1AF8 /* Classes */,
				ED38F5D61E0C7E21009F1AF8 /* Headers */,
				ED38F5E51E0C7E28009F1AF8 /* Bacteria.h */,
				ED38F5DA1E0C7E21009F1AF8 /* Info.plist */,
			);
			path = Bacteria;
			sourceTree = "<group>";
		};
		ED38F5CC1E0C7E21009F1AF8 /* Categories */ = {
			isa = PBXGroup;
			children = (
				ED38F5CD1E0C7E21009F1AF8 /* UIViewController+Bacteria.h */,
				ED38F5CE1E0C7E21009F1AF8 /* UIViewController+Bacteria.m */,
			);
			path = Categories;
			sourceTree = "<group>";
		};
		ED38F5CF1E0C7E21009F1AF8 /* Classes */ = {
			isa = PBXGroup;
			children = (
				ED38F5D31E0C7E21009F1AF8 /* TransitioningDelegate */,
				3927B778EE7ECE69D6D95FDD /* Protocols */,
				3927BBBD278C87044742CBC6 /* Performers */,
			);
			path = Classes;
			sourceTree = "<group>";
		};
		ED38F5D31E0C7E21009F1AF8 /* TransitioningDelegate */ = {
			isa = PBXGroup;
			children = (
				ED38F5D41E0C7E21009F1AF8 /* BCTTransitioningController.h */,
				ED38F5D51E0C7E21009F1AF8 /* BCTTransitioningController.m */,
			);
			path = TransitioningDelegate;
			sourceTree = "<group>";
		};
		ED38F5D61E0C7E21009F1AF8 /* Headers */ = {
			isa = PBXGroup;
			children = (
				ED38F5D81E0C7E21009F1AF8 /* Inner */,
				ED38F5D71E0C7E21009F1AF8 /* BCT-BlocksHeader.h */,
			);
			path = Headers;
			sourceTree = "<group>";
		};
		ED38F5D81E0C7E21009F1AF8 /* Inner */ = {
			isa = PBXGroup;
			children = (
				ED38F5D91E0C7E21009F1AF8 /* BCTTypes.h */,
			);
			path = Inner;
			sourceTree = "<group>";
		};
		ED3EF7501DB81F36006258FD = {
			isa = PBXGroup;
			children = (
				ED38F5CA1E0C7E21009F1AF8 /* Bacteria */,
				ED3EF75B1DB81F36006258FD /* Products */,
			);
			sourceTree = "<group>";
		};
		ED3EF75B1DB81F36006258FD /* Products */ = {
			isa = PBXGroup;
			children = (
				ED3EF75A1DB81F36006258FD /* Bacteria.framework */,
			);
			name = Products;
			sourceTree = "<group>";
		};
/* End PBXGroup section */

/* Begin PBXHeadersBuildPhase section */
		ED3EF7571DB81F36006258FD /* Headers */ = {
			isa = PBXHeadersBuildPhase;
			buildActionMask = 2147483647;
			files = (
				ED38F5E71E0C7E28009F1AF8 /* Bacteria.h in Headers */,
				ED38F5E21E0C7E21009F1AF8 /* BCT-BlocksHeader.h in Headers */,
				ED38F5E31E0C7E21009F1AF8 /* BCTTypes.h in Headers */,
				ED38F5E01E0C7E21009F1AF8 /* BCTTransitioningController.h in Headers */,
				ED38F5DC1E0C7E21009F1AF8 /* UIViewController+Bacteria.h in Headers */,
				3927BCB064745F829F9E7C04 /* BCTViewPerformer.h in Headers */,
				3927BEC18299DF24CB66BB26 /* BCTBasicViewPerformer.h in Headers */,
				3927BEF22B720B49C1A5AE39 /* BCTCoverViewPresenter.h in Headers */,
				3927B778A7D67DD38FFA16DA /* BCTCoverViewDismissal.h in Headers */,
				3927B9912B6F2B9651AD6A36 /* BCTParallelViewPresenter.h in Headers */,
				3927BDAE263D9CA2F226C395 /* BCTParallelViewDismissal.h in Headers */,
			);
			runOnlyForDeploymentPostprocessing = 0;
		};
/* End PBXHeadersBuildPhase section */

/* Begin PBXNativeTarget section */
		ED3EF7591DB81F36006258FD /* Bacteria */ = {
			isa = PBXNativeTarget;
			buildConfigurationList = ED3EF7621DB81F36006258FD /* Build configuration list for PBXNativeTarget "Bacteria" */;
			buildPhases = (
				ED3EF7551DB81F36006258FD /* Sources */,
				ED3EF7561DB81F36006258FD /* Frameworks */,
				ED3EF7571DB81F36006258FD /* Headers */,
				ED3EF7581DB81F36006258FD /* Resources */,
			);
			buildRules = (
			);
			dependencies = (
			);
			name = Bacteria;
			productName = BAControllerTransition;
			productReference = ED3EF75A1DB81F36006258FD /* Bacteria.framework */;
			productType = "com.apple.product-type.framework";
		};
/* End PBXNativeTarget section */

/* Begin PBXProject section */
		ED3EF7511DB81F36006258FD /* Project object */ = {
			isa = PBXProject;
			attributes = {
				CLASSPREFIX = BCT;
				LastUpgradeCheck = 0730;
				ORGANIZATIONNAME = "Igor Kislyuk";
				TargetAttributes = {
					ED3EF7591DB81F36006258FD = {
						CreatedOnToolsVersion = 7.3.1;
						DevelopmentTeam = NVZGWL564Q;
						ProvisioningStyle = Manual;
					};
				};
			};
			buildConfigurationList = ED3EF7541DB81F36006258FD /* Build configuration list for PBXProject "Bacteria" */;
			compatibilityVersion = "Xcode 3.2";
			developmentRegion = English;
			hasScannedForEncodings = 0;
			knownRegions = (
				en,
			);
			mainGroup = ED3EF7501DB81F36006258FD;
			productRefGroup = ED3EF75B1DB81F36006258FD /* Products */;
			projectDirPath = "";
			projectRoot = "";
			targets = (
				ED3EF7591DB81F36006258FD /* Bacteria */,
			);
		};
/* End PBXProject section */

/* Begin PBXResourcesBuildPhase section */
		ED3EF7581DB81F36006258FD /* Resources */ = {
			isa = PBXResourcesBuildPhase;
			buildActionMask = 2147483647;
			files = (
				ED38F5E41E0C7E21009F1AF8 /* Info.plist in Resources */,
			);
			runOnlyForDeploymentPostprocessing = 0;
		};
/* End PBXResourcesBuildPhase section */

/* Begin PBXSourcesBuildPhase section */
		ED3EF7551DB81F36006258FD /* Sources */ = {
			isa = PBXSourcesBuildPhase;
			buildActionMask = 2147483647;
			files = (
				ED38F5E11E0C7E21009F1AF8 /* BCTTransitioningController.m in Sources */,
				ED38F5DD1E0C7E21009F1AF8 /* UIViewController+Bacteria.m in Sources */,
				3927BA747E299C493D07E308 /* BCTBasicViewPerformer.m in Sources */,
				3927B86B03242FBE7DE07841 /* BCTCoverViewPresenter.m in Sources */,
				3927BE39B32EFA3B92890D93 /* BCTCoverViewDismissal.m in Sources */,
				3927BEB2FDCA74185DA79C6F /* BCTParallelViewPresenter.m in Sources */,
				3927B98D095046FF6F9418D2 /* BCTParallelViewDismissal.m in Sources */,
			);
			runOnlyForDeploymentPostprocessing = 0;
		};
/* End PBXSourcesBuildPhase section */

/* Begin XCBuildConfiguration section */
		ED3EF7601DB81F36006258FD /* Debug */ = {
			isa = XCBuildConfiguration;
			buildSettings = {
				ALWAYS_SEARCH_USER_PATHS = NO;
				CLANG_ANALYZER_NONNULL = YES;
				CLANG_CXX_LANGUAGE_STANDARD = "gnu++0x";
				CLANG_CXX_LIBRARY = "libc++";
				CLANG_ENABLE_MODULES = YES;
				CLANG_ENABLE_OBJC_ARC = YES;
				CLANG_WARN_BOOL_CONVERSION = YES;
				CLANG_WARN_CONSTANT_CONVERSION = YES;
				CLANG_WARN_DIRECT_OBJC_ISA_USAGE = YES_ERROR;
				CLANG_WARN_EMPTY_BODY = YES;
				CLANG_WARN_ENUM_CONVERSION = YES;
				CLANG_WARN_INT_CONVERSION = YES;
				CLANG_WARN_OBJC_ROOT_CLASS = YES_ERROR;
				CLANG_WARN_UNREACHABLE_CODE = YES;
				CLANG_WARN__DUPLICATE_METHOD_MATCH = YES;
				"CODE_SIGN_IDENTITY[sdk=iphoneos*]" = "iPhone Developer";
				COPY_PHASE_STRIP = NO;
				CURRENT_PROJECT_VERSION = 1;
				DEBUG_INFORMATION_FORMAT = dwarf;
				ENABLE_STRICT_OBJC_MSGSEND = YES;
				ENABLE_TESTABILITY = YES;
				GCC_C_LANGUAGE_STANDARD = gnu99;
				GCC_DYNAMIC_NO_PIC = NO;
				GCC_NO_COMMON_BLOCKS = YES;
				GCC_OPTIMIZATION_LEVEL = 0;
				GCC_PREPROCESSOR_DEFINITIONS = (
					"DEBUG=1",
					"$(inherited)",
				);
				GCC_WARN_64_TO_32_BIT_CONVERSION = YES;
				GCC_WARN_ABOUT_RETURN_TYPE = YES_ERROR;
				GCC_WARN_UNDECLARED_SELECTOR = YES;
				GCC_WARN_UNINITIALIZED_AUTOS = YES_AGGRESSIVE;
				GCC_WARN_UNUSED_FUNCTION = YES;
				GCC_WARN_UNUSED_VARIABLE = YES;
				IPHONEOS_DEPLOYMENT_TARGET = 9.3;
				MTL_ENABLE_DEBUG_INFO = YES;
				ONLY_ACTIVE_ARCH = NO;
				SDKROOT = iphoneos;
				TARGETED_DEVICE_FAMILY = "1,2";
				VERSIONING_SYSTEM = "apple-generic";
				VERSION_INFO_PREFIX = "";
			};
			name = Debug;
		};
		ED3EF7611DB81F36006258FD /* Release */ = {
			isa = XCBuildConfiguration;
			buildSettings = {
				ALWAYS_SEARCH_USER_PATHS = NO;
				CLANG_ANALYZER_NONNULL = YES;
				CLANG_CXX_LANGUAGE_STANDARD = "gnu++0x";
				CLANG_CXX_LIBRARY = "libc++";
				CLANG_ENABLE_MODULES = YES;
				CLANG_ENABLE_OBJC_ARC = YES;
				CLANG_WARN_BOOL_CONVERSION = YES;
				CLANG_WARN_CONSTANT_CONVERSION = YES;
				CLANG_WARN_DIRECT_OBJC_ISA_USAGE = YES_ERROR;
				CLANG_WARN_EMPTY_BODY = YES;
				CLANG_WARN_ENUM_CONVERSION = YES;
				CLANG_WARN_INT_CONVERSION = YES;
				CLANG_WARN_OBJC_ROOT_CLASS = YES_ERROR;
				CLANG_WARN_UNREACHABLE_CODE = YES;
				CLANG_WARN__DUPLICATE_METHOD_MATCH = YES;
				"CODE_SIGN_IDENTITY[sdk=iphoneos*]" = "iPhone Developer";
				COPY_PHASE_STRIP = NO;
				CURRENT_PROJECT_VERSION = 1;
				DEBUG_INFORMATION_FORMAT = "dwarf-with-dsym";
				ENABLE_NS_ASSERTIONS = NO;
				ENABLE_STRICT_OBJC_MSGSEND = YES;
				GCC_C_LANGUAGE_STANDARD = gnu99;
				GCC_NO_COMMON_BLOCKS = YES;
				GCC_WARN_64_TO_32_BIT_CONVERSION = YES;
				GCC_WARN_ABOUT_RETURN_TYPE = YES_ERROR;
				GCC_WARN_UNDECLARED_SELECTOR = YES;
				GCC_WARN_UNINITIALIZED_AUTOS = YES_AGGRESSIVE;
				GCC_WARN_UNUSED_FUNCTION = YES;
				GCC_WARN_UNUSED_VARIABLE = YES;
				IPHONEOS_DEPLOYMENT_TARGET = 9.3;
				MTL_ENABLE_DEBUG_INFO = NO;
				ONLY_ACTIVE_ARCH = NO;
				SDKROOT = iphoneos;
				TARGETED_DEVICE_FAMILY = "1,2";
				VALIDATE_PRODUCT = YES;
				VERSIONING_SYSTEM = "apple-generic";
				VERSION_INFO_PREFIX = "";
			};
			name = Release;
		};
		ED3EF7631DB81F36006258FD /* Debug */ = {
			isa = XCBuildConfiguration;
			buildSettings = {
				CODE_SIGN_IDENTITY = "iPhone Developer";
				"CODE_SIGN_IDENTITY[sdk=iphoneos*]" = "iPhone Developer";
				DEFINES_MODULE = NO;
				DEVELOPMENT_TEAM = NVZGWL564Q;
				DYLIB_COMPATIBILITY_VERSION = 1;
				DYLIB_CURRENT_VERSION = 1;
				DYLIB_INSTALL_NAME_BASE = "@rpath";
				INFOPLIST_FILE = "$(SRCROOT)/Bacteria/Info.plist";
				INSTALL_PATH = "$(LOCAL_LIBRARY_DIR)/Frameworks";
				IPHONEOS_DEPLOYMENT_TARGET = 8.0;
				LD_RUNPATH_SEARCH_PATHS = "$(inherited) @executable_path/Frameworks @loader_path/Frameworks";
				PRODUCT_BUNDLE_IDENTIFIER = com.igorkislyuk.Bacteria;
				PRODUCT_NAME = "$(TARGET_NAME)";
				SKIP_INSTALL = YES;
			};
			name = Debug;
		};
		ED3EF7641DB81F36006258FD /* Release */ = {
			isa = XCBuildConfiguration;
			buildSettings = {
				CODE_SIGN_IDENTITY = "iPhone Developer";
				DEFINES_MODULE = NO;
				DEVELOPMENT_TEAM = "";
				DYLIB_COMPATIBILITY_VERSION = 1;
				DYLIB_CURRENT_VERSION = 1;
				DYLIB_INSTALL_NAME_BASE = "@rpath";
				INFOPLIST_FILE = "$(SRCROOT)/Bacteria/Info.plist";
				INSTALL_PATH = "$(LOCAL_LIBRARY_DIR)/Frameworks";
				IPHONEOS_DEPLOYMENT_TARGET = 8.0;
				LD_RUNPATH_SEARCH_PATHS = "$(inherited) @executable_path/Frameworks @loader_path/Frameworks";
				PRODUCT_BUNDLE_IDENTIFIER = com.igorkislyuk.Bacteria;
				PRODUCT_NAME = "$(TARGET_NAME)";
				SKIP_INSTALL = YES;
			};
			name = Release;
		};
/* End XCBuildConfiguration section */

/* Begin XCConfigurationList section */
		ED3EF7541DB81F36006258FD /* Build configuration list for PBXProject "Bacteria" */ = {
			isa = XCConfigurationList;
			buildConfigurations = (
				ED3EF7601DB81F36006258FD /* Debug */,
				ED3EF7611DB81F36006258FD /* Release */,
			);
			defaultConfigurationIsVisible = 0;
			defaultConfigurationName = Release;
		};
		ED3EF7621DB81F36006258FD /* Build configuration list for PBXNativeTarget "Bacteria" */ = {
			isa = XCConfigurationList;
			buildConfigurations = (
				ED3EF7631DB81F36006258FD /* Debug */,
				ED3EF7641DB81F36006258FD /* Release */,
			);
			defaultConfigurationIsVisible = 0;
			defaultConfigurationName = Release;
		};
/* End XCConfigurationList section */
	};
	rootObject = ED3EF7511DB81F36006258FD /* Project object */;
}
