// !$*UTF8*$!
{
	archiveVersion = 1;
	classes = {
	};
	objectVersion = 46;
	objects = {

/* Begin PBXBuildFile section */
		3927B16757F9C6EE2E97BA6C /* BCTAppDelegate.m in Sources */ = {isa = PBXBuildFile; fileRef = 3927BC4B49E60FF411A955D2 /* BCTAppDelegate.m */; };
		3927B36D39773600C1250229 /* Main.storyboard in Resources */ = {isa = PBXBuildFile; fileRef = 3927B3F98FF096A2EFB484EA /* Main.storyboard */; };
		3927B50A4790B8681D664D82 /* BCTPresentedViewController.m in Sources */ = {isa = PBXBuildFile; fileRef = 3927BF5A80BA1B86541666DB /* BCTPresentedViewController.m */; };
		3927BA0935DF2BD70DAAC9AA /* LaunchScreen.storyboard in Resources */ = {isa = PBXBuildFile; fileRef = 3927B220F417190B68025180 /* LaunchScreen.storyboard */; };
		3927BAD00371BEB8F0E01002 /* BCTViewController.m in Sources */ = {isa = PBXBuildFile; fileRef = 3927BBED437B62DE5F51FC49 /* BCTViewController.m */; };
		3927BE9BB46FC657616BA537 /* Images.xcassets in Resources */ = {isa = PBXBuildFile; fileRef = 3927BE559B0534A03D9617C7 /* Images.xcassets */; };
		6003F58E195388D20070C39A /* Foundation.framework in Frameworks */ = {isa = PBXBuildFile; fileRef = 6003F58D195388D20070C39A /* Foundation.framework */; };
		6003F590195388D20070C39A /* CoreGraphics.framework in Frameworks */ = {isa = PBXBuildFile; fileRef = 6003F58F195388D20070C39A /* CoreGraphics.framework */; };
		6003F592195388D20070C39A /* UIKit.framework in Frameworks */ = {isa = PBXBuildFile; fileRef = 6003F591195388D20070C39A /* UIKit.framework */; };
		6003F598195388D20070C39A /* InfoPlist.strings in Resources */ = {isa = PBXBuildFile; fileRef = 6003F596195388D20070C39A /* InfoPlist.strings */; };
		6003F59A195388D20070C39A /* main.m in Sources */ = {isa = PBXBuildFile; fileRef = 6003F599195388D20070C39A /* main.m */; };
		C0A69F40E61F6353DC1AF5CC /* Pods_Bacteria_Example.framework in Frameworks */ = {isa = PBXBuildFile; fileRef = C2BC2AF961D06526F0DD3BF4 /* Pods_Bacteria_Example.framework */; };
/* End PBXBuildFile section */

/* Begin PBXFileReference section */
		2E1AB911A2FD298E1D8C3E37 /* Pods-Bacteria_Example.release.xcconfig */ = {isa = PBXFileReference; includeInIndex = 1; lastKnownFileType = text.xcconfig; name = "Pods-Bacteria_Example.release.xcconfig"; path = "Pods/Target Support Files/Pods-Bacteria_Example/Pods-Bacteria_Example.release.xcconfig"; sourceTree = "<group>"; };
		3927B20EF02C26C2FCABB919 /* BCTViewController.h */ = {isa = PBXFileReference; fileEncoding = 4; lastKnownFileType = sourcecode.c.h; path = BCTViewController.h; sourceTree = "<group>"; };
		3927B4CF84B5CFABBEFEC051 /* BCTPresentedViewController.h */ = {isa = PBXFileReference; fileEncoding = 4; lastKnownFileType = sourcecode.c.h; path = BCTPresentedViewController.h; sourceTree = "<group>"; };
		3927B527DE1EEC13A3572793 /* Base */ = {isa = PBXFileReference; lastKnownFileType = file.storyboard; name = Base; path = Base.lproj/Main.storyboard; sourceTree = "<group>"; };
		3927B718ACB2870FE0BA5AE3 /* Base */ = {isa = PBXFileReference; lastKnownFileType = file.storyboard; name = Base; path = Base.lproj/LaunchScreen.storyboard; sourceTree = "<group>"; };
		3927BB8927A820961DF8001B /* BCTAppDelegate.h */ = {isa = PBXFileReference; fileEncoding = 4; lastKnownFileType = sourcecode.c.h; path = BCTAppDelegate.h; sourceTree = "<group>"; };
		3927BBED437B62DE5F51FC49 /* BCTViewController.m */ = {isa = PBXFileReference; fileEncoding = 4; lastKnownFileType = sourcecode.c.objc; path = BCTViewController.m; sourceTree = "<group>"; };
		3927BC4B49E60FF411A955D2 /* BCTAppDelegate.m */ = {isa = PBXFileReference; fileEncoding = 4; lastKnownFileType = sourcecode.c.objc; path = BCTAppDelegate.m; sourceTree = "<group>"; };
		3927BE559B0534A03D9617C7 /* Images.xcassets */ = {isa = PBXFileReference; lastKnownFileType = folder.assetcatalog; path = Images.xcassets; sourceTree = "<group>"; };
		3927BF5A80BA1B86541666DB /* BCTPresentedViewController.m */ = {isa = PBXFileReference; fileEncoding = 4; lastKnownFileType = sourcecode.c.objc; path = BCTPresentedViewController.m; sourceTree = "<group>"; };
		45B45765007EDB7CB9AB51E0 /* LICENSE */ = {isa = PBXFileReference; includeInIndex = 1; lastKnownFileType = text; name = LICENSE; path = ../../LICENSE; sourceTree = "<group>"; };
		5384E6F8E63BB7616418DCD5 /* Pods-Bacteria_Tests.debug.xcconfig */ = {isa = PBXFileReference; includeInIndex = 1; lastKnownFileType = text.xcconfig; name = "Pods-Bacteria_Tests.debug.xcconfig"; path = "Pods/Target Support Files/Pods-Bacteria_Tests/Pods-Bacteria_Tests.debug.xcconfig"; sourceTree = "<group>"; };
		569742DF476CF901831AD43F /* README.md */ = {isa = PBXFileReference; includeInIndex = 1; lastKnownFileType = net.daringfireball.markdown; name = README.md; path = ../../README.md; sourceTree = "<group>"; };
		6003F58A195388D20070C39A /* Bacteria_Example.app */ = {isa = PBXFileReference; explicitFileType = wrapper.application; includeInIndex = 0; path = Bacteria_Example.app; sourceTree = BUILT_PRODUCTS_DIR; };
		6003F58D195388D20070C39A /* Foundation.framework */ = {isa = PBXFileReference; lastKnownFileType = wrapper.framework; name = Foundation.framework; path = System/Library/Frameworks/Foundation.framework; sourceTree = SDKROOT; };
		6003F58F195388D20070C39A /* CoreGraphics.framework */ = {isa = PBXFileReference; lastKnownFileType = wrapper.framework; name = CoreGraphics.framework; path = System/Library/Frameworks/CoreGraphics.framework; sourceTree = SDKROOT; };
		6003F591195388D20070C39A /* UIKit.framework */ = {isa = PBXFileReference; lastKnownFileType = wrapper.framework; name = UIKit.framework; path = System/Library/Frameworks/UIKit.framework; sourceTree = SDKROOT; };
		6003F595195388D20070C39A /* Bacteria-Info.plist */ = {isa = PBXFileReference; lastKnownFileType = text.plist.xml; path = "Bacteria-Info.plist"; sourceTree = "<group>"; };
		6003F597195388D20070C39A /* en */ = {isa = PBXFileReference; lastKnownFileType = text.plist.strings; name = en; path = en.lproj/InfoPlist.strings; sourceTree = "<group>"; };
		6003F599195388D20070C39A /* main.m */ = {isa = PBXFileReference; lastKnownFileType = sourcecode.c.objc; path = main.m; sourceTree = "<group>"; };
		6003F59B195388D20070C39A /* Bacteria-Prefix.pch */ = {isa = PBXFileReference; lastKnownFileType = sourcecode.c.h; path = "Bacteria-Prefix.pch"; sourceTree = "<group>"; };
		6003F5AF195388D20070C39A /* XCTest.framework */ = {isa = PBXFileReference; lastKnownFileType = wrapper.framework; name = XCTest.framework; path = Library/Frameworks/XCTest.framework; sourceTree = DEVELOPER_DIR; };
		6CB5D02C2B0BC8A03E879580 /* Pods_Bacteria_Tests.framework */ = {isa = PBXFileReference; explicitFileType = wrapper.framework; includeInIndex = 0; path = Pods_Bacteria_Tests.framework; sourceTree = BUILT_PRODUCTS_DIR; };
		81E51A4588DC34338E2AF43F /* Bacteria.podspec */ = {isa = PBXFileReference; includeInIndex = 1; lastKnownFileType = text; name = Bacteria.podspec; path = ../../Bacteria.podspec; sourceTree = "<group>"; };
		8D75B1CEB21F4D3F107F01F3 /* Pods-Bacteria_Example.debug.xcconfig */ = {isa = PBXFileReference; includeInIndex = 1; lastKnownFileType = text.xcconfig; name = "Pods-Bacteria_Example.debug.xcconfig"; path = "Pods/Target Support Files/Pods-Bacteria_Example/Pods-Bacteria_Example.debug.xcconfig"; sourceTree = "<group>"; };
		C2BC2AF961D06526F0DD3BF4 /* Pods_Bacteria_Example.framework */ = {isa = PBXFileReference; explicitFileType = wrapper.framework; includeInIndex = 0; path = Pods_Bacteria_Example.framework; sourceTree = BUILT_PRODUCTS_DIR; };
		CBA72C185D4798F22B0EBB22 /* Pods-Bacteria_Tests.release.xcconfig */ = {isa = PBXFileReference; includeInIndex = 1; lastKnownFileType = text.xcconfig; name = "Pods-Bacteria_Tests.release.xcconfig"; path = "Pods/Target Support Files/Pods-Bacteria_Tests/Pods-Bacteria_Tests.release.xcconfig"; sourceTree = "<group>"; };
/* End PBXFileReference section */

/* Begin PBXFrameworksBuildPhase section */
		6003F587195388D20070C39A /* Frameworks */ = {
			isa = PBXFrameworksBuildPhase;
			buildActionMask = 2147483647;
			files = (
				6003F590195388D20070C39A /* CoreGraphics.framework in Frameworks */,
				6003F592195388D20070C39A /* UIKit.framework in Frameworks */,
				6003F58E195388D20070C39A /* Foundation.framework in Frameworks */,
				C0A69F40E61F6353DC1AF5CC /* Pods_Bacteria_Example.framework in Frameworks */,
			);
			runOnlyForDeploymentPostprocessing = 0;
		};
/* End PBXFrameworksBuildPhase section */

/* Begin PBXGroup section */
		2050E64EE4F0A5C3DD6DEF9A /* Pods */ = {
			isa = PBXGroup;
			children = (
				8D75B1CEB21F4D3F107F01F3 /* Pods-Bacteria_Example.debug.xcconfig */,
				2E1AB911A2FD298E1D8C3E37 /* Pods-Bacteria_Example.release.xcconfig */,
				5384E6F8E63BB7616418DCD5 /* Pods-Bacteria_Tests.debug.xcconfig */,
				CBA72C185D4798F22B0EBB22 /* Pods-Bacteria_Tests.release.xcconfig */,
			);
			name = Pods;
			sourceTree = "<group>";
		};
		3927B2E0036820C78F881BCC /* Controllers */ = {
			isa = PBXGroup;
			children = (
				3927B4CF84B5CFABBEFEC051 /* BCTPresentedViewController.h */,
				3927BF5A80BA1B86541666DB /* BCTPresentedViewController.m */,
				3927B20EF02C26C2FCABB919 /* BCTViewController.h */,
				3927BBED437B62DE5F51FC49 /* BCTViewController.m */,
			);
			path = Controllers;
			sourceTree = "<group>";
		};
		3927B908BEAA8C806C6B6970 /* AppDelegate */ = {
			isa = PBXGroup;
			children = (
				3927BB8927A820961DF8001B /* BCTAppDelegate.h */,
				3927BC4B49E60FF411A955D2 /* BCTAppDelegate.m */,
			);
			path = AppDelegate;
			sourceTree = "<group>";
		};
		3927BA5B3B7C400D6B3B5106 /* Storyboards */ = {
			isa = PBXGroup;
			children = (
				3927B220F417190B68025180 /* LaunchScreen.storyboard */,
				3927B3F98FF096A2EFB484EA /* Main.storyboard */,
			);
			name = Storyboards;
			path = Storyboards;
			sourceTree = "<group>";
		};
		6003F581195388D10070C39A = {
			isa = PBXGroup;
			children = (
				6003F593195388D20070C39A /* Example for Bacteria */,
				6003F58C195388D20070C39A /* Frameworks */,
				2050E64EE4F0A5C3DD6DEF9A /* Pods */,
				60FF7A9C1954A5C5007DD14C /* Podspec Metadata */,
				6003F58B195388D20070C39A /* Products */,
			);
			sourceTree = "<group>";
		};
		6003F58B195388D20070C39A /* Products */ = {
			isa = PBXGroup;
			children = (
				6003F58A195388D20070C39A /* Bacteria_Example.app */,
			);
			name = Products;
			sourceTree = "<group>";
		};
		6003F58C195388D20070C39A /* Frameworks */ = {
			isa = PBXGroup;
			children = (
				6003F58D195388D20070C39A /* Foundation.framework */,
				6003F58F195388D20070C39A /* CoreGraphics.framework */,
				6003F591195388D20070C39A /* UIKit.framework */,
				6003F5AF195388D20070C39A /* XCTest.framework */,
				C2BC2AF961D06526F0DD3BF4 /* Pods_Bacteria_Example.framework */,
				6CB5D02C2B0BC8A03E879580 /* Pods_Bacteria_Tests.framework */,
			);
			name = Frameworks;
			sourceTree = "<group>";
		};
		6003F593195388D20070C39A /* Example for Bacteria */ = {
			isa = PBXGroup;
			children = (
				3927B908BEAA8C806C6B6970 /* AppDelegate */,
				3927B2E0036820C78F881BCC /* Controllers */,
				3927BA5B3B7C400D6B3B5106 /* Storyboards */,
				6003F594195388D20070C39A /* Supporting Files */,
			);
			name = "Example for Bacteria";
			path = "Example for Bacteria";
			sourceTree = "<group>";
		};
		6003F594195388D20070C39A /* Supporting Files */ = {
			isa = PBXGroup;
			children = (
				6003F595195388D20070C39A /* Bacteria-Info.plist */,
				6003F59B195388D20070C39A /* Bacteria-Prefix.pch */,
				3927BE559B0534A03D9617C7 /* Images.xcassets */,
				6003F596195388D20070C39A /* InfoPlist.strings */,
				6003F599195388D20070C39A /* main.m */,
			);
			name = "Supporting Files";
			path = "Supporting Files";
			sourceTree = "<group>";
		};
		60FF7A9C1954A5C5007DD14C /* Podspec Metadata */ = {
			isa = PBXGroup;
			children = (
				81E51A4588DC34338E2AF43F /* Bacteria.podspec */,
				45B45765007EDB7CB9AB51E0 /* LICENSE */,
				569742DF476CF901831AD43F /* README.md */,
			);
			name = "Podspec Metadata";
			path = "Podspec Metadata";
			sourceTree = "<group>";
		};
/* End PBXGroup section */

/* Begin PBXNativeTarget section */
		6003F589195388D20070C39A /* Bacteria_Example */ = {
			isa = PBXNativeTarget;
			buildConfigurationList = 6003F5BF195388D20070C39A /* Build configuration list for PBXNativeTarget "Bacteria_Example" */;
			buildPhases = (
				977F43B174532FF26DDDAEC2 /* [CP] Check Pods Manifest.lock */,
				6003F586195388D20070C39A /* Sources */,
				6003F587195388D20070C39A /* Frameworks */,
				6003F588195388D20070C39A /* Resources */,
				D2A09A767D5ACC6C5E166B43 /* [CP] Embed Pods Frameworks */,
				4F750FF8121AC4240451231A /* [CP] Copy Pods Resources */,
			);
			buildRules = (
			);
			dependencies = (
			);
			name = Bacteria_Example;
			productName = Bacteria;
			productReference = 6003F58A195388D20070C39A /* Bacteria_Example.app */;
			productType = "com.apple.product-type.application";
		};
/* End PBXNativeTarget section */

/* Begin PBXProject section */
		6003F582195388D10070C39A /* Project object */ = {
			isa = PBXProject;
			attributes = {
				CLASSPREFIX = BCT;
				LastUpgradeCheck = 0820;
				ORGANIZATIONNAME = igorkislyuk;
			};
			buildConfigurationList = 6003F585195388D10070C39A /* Build configuration list for PBXProject "Bacteria" */;
			compatibilityVersion = "Xcode 3.2";
			developmentRegion = English;
			hasScannedForEncodings = 0;
			knownRegions = (
				en,
				Base,
			);
			mainGroup = 6003F581195388D10070C39A;
			productRefGroup = 6003F58B195388D20070C39A /* Products */;
			projectDirPath = "";
			projectRoot = "";
			targets = (
				6003F589195388D20070C39A /* Bacteria_Example */,
			);
		};
/* End PBXProject section */

/* Begin PBXResourcesBuildPhase section */
		6003F588195388D20070C39A /* Resources */ = {
			isa = PBXResourcesBuildPhase;
			buildActionMask = 2147483647;
			files = (
				6003F598195388D20070C39A /* InfoPlist.strings in Resources */,
				3927BE9BB46FC657616BA537 /* Images.xcassets in Resources */,
				3927BA0935DF2BD70DAAC9AA /* LaunchScreen.storyboard in Resources */,
				3927B36D39773600C1250229 /* Main.storyboard in Resources */,
			);
			runOnlyForDeploymentPostprocessing = 0;
		};
/* End PBXResourcesBuildPhase section */

/* Begin PBXShellScriptBuildPhase section */
		4F750FF8121AC4240451231A /* [CP] Copy Pods Resources */ = {
			isa = PBXShellScriptBuildPhase;
			buildActionMask = 2147483647;
			files = (
			);
			inputPaths = (
			);
			name = "[CP] Copy Pods Resources";
			outputPaths = (
			);
			runOnlyForDeploymentPostprocessing = 0;
			shellPath = /bin/sh;
			shellScript = "\"${SRCROOT}/Pods/Target Support Files/Pods-Bacteria_Example/Pods-Bacteria_Example-resources.sh\"\n";
			showEnvVarsInLog = 0;
		};
		977F43B174532FF26DDDAEC2 /* [CP] Check Pods Manifest.lock */ = {
			isa = PBXShellScriptBuildPhase;
			buildActionMask = 2147483647;
			files = (
			);
			inputPaths = (
			);
			name = "[CP] Check Pods Manifest.lock";
			outputPaths = (
			);
			runOnlyForDeploymentPostprocessing = 0;
			shellPath = /bin/sh;
			shellScript = "diff \"${PODS_ROOT}/../Podfile.lock\" \"${PODS_ROOT}/Manifest.lock\" > /dev/null\nif [ $? != 0 ] ; then\n    # print error to STDERR\n    echo \"error: The sandbox is not in sync with the Podfile.lock. Run 'pod install' or update your CocoaPods installation.\" >&2\n    exit 1\nfi\n";
			showEnvVarsInLog = 0;
		};
		D2A09A767D5ACC6C5E166B43 /* [CP] Embed Pods Frameworks */ = {
			isa = PBXShellScriptBuildPhase;
			buildActionMask = 2147483647;
			files = (
			);
			inputPaths = (
			);
			name = "[CP] Embed Pods Frameworks";
			outputPaths = (
			);
			runOnlyForDeploymentPostprocessing = 0;
			shellPath = /bin/sh;
			shellScript = "\"${SRCROOT}/Pods/Target Support Files/Pods-Bacteria_Example/Pods-Bacteria_Example-frameworks.sh\"\n";
			showEnvVarsInLog = 0;
		};
/* End PBXShellScriptBuildPhase section */

/* Begin PBXSourcesBuildPhase section */
		6003F586195388D20070C39A /* Sources */ = {
			isa = PBXSourcesBuildPhase;
			buildActionMask = 2147483647;
			files = (
				6003F59A195388D20070C39A /* main.m in Sources */,
				3927B16757F9C6EE2E97BA6C /* BCTAppDelegate.m in Sources */,
				3927B50A4790B8681D664D82 /* BCTPresentedViewController.m in Sources */,
				3927BAD00371BEB8F0E01002 /* BCTViewController.m in Sources */,
			);
			runOnlyForDeploymentPostprocessing = 0;
		};
/* End PBXSourcesBuildPhase section */

/* Begin PBXVariantGroup section */
		3927B220F417190B68025180 /* LaunchScreen.storyboard */ = {
			isa = PBXVariantGroup;
			children = (
				3927B718ACB2870FE0BA5AE3 /* Base */,
			);
			name = LaunchScreen.storyboard;
			path = .;
			sourceTree = "<group>";
		};
		3927B3F98FF096A2EFB484EA /* Main.storyboard */ = {
			isa = PBXVariantGroup;
			children = (
				3927B527DE1EEC13A3572793 /* Base */,
			);
			name = Main.storyboard;
			path = .;
			sourceTree = "<group>";
		};
		6003F596195388D20070C39A /* InfoPlist.strings */ = {
			isa = PBXVariantGroup;
			children = (
				6003F597195388D20070C39A /* en */,
			);
			name = InfoPlist.strings;
			path = .;
			sourceTree = "<group>";
		};
/* End PBXVariantGroup section */

/* Begin XCBuildConfiguration section */
		6003F5BD195388D20070C39A /* Debug */ = {
			isa = XCBuildConfiguration;
			buildSettings = {
				ALWAYS_SEARCH_USER_PATHS = NO;
				CLANG_CXX_LANGUAGE_STANDARD = "gnu++0x";
				CLANG_CXX_LIBRARY = "libc++";
				CLANG_ENABLE_MODULES = YES;
				CLANG_ENABLE_OBJC_ARC = YES;
				CLANG_WARN_BOOL_CONVERSION = YES;
				CLANG_WARN_CONSTANT_CONVERSION = YES;
				CLANG_WARN_DIRECT_OBJC_ISA_USAGE = YES_ERROR;
				CLANG_WARN_EMPTY_BODY = YES;
				CLANG_WARN_ENUM_CONVERSION = YES;
				CLANG_WARN_INFINITE_RECURSION = YES;
				CLANG_WARN_INT_CONVERSION = YES;
				CLANG_WARN_OBJC_ROOT_CLASS = YES_ERROR;
				CLANG_WARN_SUSPICIOUS_MOVE = YES;
				CLANG_WARN_UNREACHABLE_CODE = YES;
				CLANG_WARN__DUPLICATE_METHOD_MATCH = YES;
				"CODE_SIGN_IDENTITY[sdk=iphoneos*]" = "iPhone Developer";
				COPY_PHASE_STRIP = NO;
				ENABLE_STRICT_OBJC_MSGSEND = YES;
				ENABLE_TESTABILITY = YES;
				GCC_C_LANGUAGE_STANDARD = gnu99;
				GCC_DYNAMIC_NO_PIC = NO;
				GCC_NO_COMMON_BLOCKS = YES;
				GCC_OPTIMIZATION_LEVEL = 0;
				GCC_PREPROCESSOR_DEFINITIONS = (
					"DEBUG=1",
					"$(inherited)",
				);
				GCC_SYMBOLS_PRIVATE_EXTERN = NO;
				GCC_WARN_64_TO_32_BIT_CONVERSION = YES;
				GCC_WARN_ABOUT_RETURN_TYPE = YES_ERROR;
				GCC_WARN_UNDECLARED_SELECTOR = YES;
				GCC_WARN_UNINITIALIZED_AUTOS = YES_AGGRESSIVE;
				GCC_WARN_UNUSED_FUNCTION = YES;
				GCC_WARN_UNUSED_VARIABLE = YES;
				IPHONEOS_DEPLOYMENT_TARGET = 8.3;
				ONLY_ACTIVE_ARCH = YES;
				SDKROOT = iphoneos;
				TARGETED_DEVICE_FAMILY = "1,2";
			};
			name = Debug;
		};
		6003F5BE195388D20070C39A /* Release */ = {
			isa = XCBuildConfiguration;
			buildSettings = {
				ALWAYS_SEARCH_USER_PATHS = NO;
				CLANG_CXX_LANGUAGE_STANDARD = "gnu++0x";
				CLANG_CXX_LIBRARY = "libc++";
				CLANG_ENABLE_MODULES = YES;
				CLANG_ENABLE_OBJC_ARC = YES;
				CLANG_WARN_BOOL_CONVERSION = YES;
				CLANG_WARN_CONSTANT_CONVERSION = YES;
				CLANG_WARN_DIRECT_OBJC_ISA_USAGE = YES_ERROR;
				CLANG_WARN_EMPTY_BODY = YES;
				CLANG_WARN_ENUM_CONVERSION = YES;
				CLANG_WARN_INFINITE_RECURSION = YES;
				CLANG_WARN_INT_CONVERSION = YES;
				CLANG_WARN_OBJC_ROOT_CLASS = YES_ERROR;
				CLANG_WARN_SUSPICIOUS_MOVE = YES;
				CLANG_WARN_UNREACHABLE_CODE = YES;
				CLANG_WARN__DUPLICATE_METHOD_MATCH = YES;
				"CODE_SIGN_IDENTITY[sdk=iphoneos*]" = "iPhone Developer";
				COPY_PHASE_STRIP = YES;
				ENABLE_NS_ASSERTIONS = NO;
				ENABLE_STRICT_OBJC_MSGSEND = YES;
				GCC_C_LANGUAGE_STANDARD = gnu99;
				GCC_NO_COMMON_BLOCKS = YES;
				GCC_WARN_64_TO_32_BIT_CONVERSION = YES;
				GCC_WARN_ABOUT_RETURN_TYPE = YES_ERROR;
				GCC_WARN_UNDECLARED_SELECTOR = YES;
				GCC_WARN_UNINITIALIZED_AUTOS = YES_AGGRESSIVE;
				GCC_WARN_UNUSED_FUNCTION = YES;
				GCC_WARN_UNUSED_VARIABLE = YES;
				IPHONEOS_DEPLOYMENT_TARGET = 8.3;
				SDKROOT = iphoneos;
				TARGETED_DEVICE_FAMILY = "1,2";
				VALIDATE_PRODUCT = YES;
			};
			name = Release;
		};
		6003F5C0195388D20070C39A /* Debug */ = {
			isa = XCBuildConfiguration;
			baseConfigurationReference = 8D75B1CEB21F4D3F107F01F3 /* Pods-Bacteria_Example.debug.xcconfig */;
			buildSettings = {
				ASSETCATALOG_COMPILER_APPICON_NAME = AppIcon;
				GCC_PRECOMPILE_PREFIX_HEADER = YES;
				GCC_PREFIX_HEADER = "Example for Bacteria/Supporting Files/Bacteria-Prefix.pch";
				INFOPLIST_FILE = "Example for Bacteria/Supporting Files/Bacteria-Info.plist";
				MODULE_NAME = ExampleApp;
				PRODUCT_BUNDLE_IDENTIFIER = "org.cocoapods.demo.${PRODUCT_NAME:rfc1034identifier}";
				PRODUCT_NAME = "$(TARGET_NAME)";
				WRAPPER_EXTENSION = app;
			};
			name = Debug;
		};
		6003F5C1195388D20070C39A /* Release */ = {
			isa = XCBuildConfiguration;
			baseConfigurationReference = 2E1AB911A2FD298E1D8C3E37 /* Pods-Bacteria_Example.release.xcconfig */;
			buildSettings = {
				ASSETCATALOG_COMPILER_APPICON_NAME = AppIcon;
				GCC_PRECOMPILE_PREFIX_HEADER = YES;
				GCC_PREFIX_HEADER = "Example for Bacteria/Supporting Files/Bacteria-Prefix.pch";
				INFOPLIST_FILE = "Example for Bacteria/Supporting Files/Bacteria-Info.plist";
				MODULE_NAME = ExampleApp;
				PRODUCT_BUNDLE_IDENTIFIER = "org.cocoapods.demo.${PRODUCT_NAME:rfc1034identifier}";
				PRODUCT_NAME = "$(TARGET_NAME)";
				WRAPPER_EXTENSION = app;
			};
			name = Release;
		};
/* End XCBuildConfiguration section */

/* Begin XCConfigurationList section */
		6003F585195388D10070C39A /* Build configuration list for PBXProject "Bacteria" */ = {
			isa = XCConfigurationList;
			buildConfigurations = (
				6003F5BD195388D20070C39A /* Debug */,
				6003F5BE195388D20070C39A /* Release */,
			);
			defaultConfigurationIsVisible = 0;
			defaultConfigurationName = Release;
		};
		6003F5BF195388D20070C39A /* Build configuration list for PBXNativeTarget "Bacteria_Example" */ = {
			isa = XCConfigurationList;
			buildConfigurations = (
				6003F5C0195388D20070C39A /* Debug */,
				6003F5C1195388D20070C39A /* Release */,
			);
			defaultConfigurationIsVisible = 0;
			defaultConfigurationName = Release;
		};
/* End XCConfigurationList section */
	};
	rootObject = 6003F582195388D10070C39A /* Project object */;
}
